// !$*UTF8*$!
{
	archiveVersion = 1;
	classes = {
	};
	objectVersion = 51;
	objects = {

/* Begin PBXBuildFile section */
		6D70BFF1DFC2D5ED327AAB11 /* Pods_Cafeteria_St_Paul.framework in Frameworks */ = {isa = PBXBuildFile; fileRef = 5EE7AF04BC82C43D5E569FCC /* Pods_Cafeteria_St_Paul.framework */; };
		7917A5F5284A243C0094FCD3 /* LaunchScreen.storyboard in Resources */ = {isa = PBXBuildFile; fileRef = 7917A5F4284A243C0094FCD3 /* LaunchScreen.storyboard */; };
		7917A5F8284A2EC00094FCD3 /* Haptics.swift in Sources */ = {isa = PBXBuildFile; fileRef = 7917A5F7284A2EC00094FCD3 /* Haptics.swift */; };
		793927DC283F91B5004E7D97 /* CategoryCollectionViewCell.swift in Sources */ = {isa = PBXBuildFile; fileRef = 793927DA283F91B5004E7D97 /* CategoryCollectionViewCell.swift */; };
		793927DD283F91B5004E7D97 /* CategoryCollectionViewCell.xib in Resources */ = {isa = PBXBuildFile; fileRef = 793927DB283F91B5004E7D97 /* CategoryCollectionViewCell.xib */; };
		793927DF283F930C004E7D97 /* DishCategory.swift in Sources */ = {isa = PBXBuildFile; fileRef = 793927DE283F930C004E7D97 /* DishCategory.swift */; };
		793927E2283FF055004E7D97 /* CardView.swift in Sources */ = {isa = PBXBuildFile; fileRef = 793927E1283FF054004E7D97 /* CardView.swift */; };
		793BC7D1284180F7009E3FF5 /* WebViewController.swift in Sources */ = {isa = PBXBuildFile; fileRef = 793BC7D0284180F7009E3FF5 /* WebViewController.swift */; };
		7949337E284514DB0038910F /* UIVIews+Extension.swift in Sources */ = {isa = PBXBuildFile; fileRef = 7949337D284514DB0038910F /* UIVIews+Extension.swift */; };
		79502B5228622085004A5981 /* Setting.swift in Sources */ = {isa = PBXBuildFile; fileRef = 79502B5128622085004A5981 /* Setting.swift */; };
		79502B5428622301004A5981 /* SettingsList.swift in Sources */ = {isa = PBXBuildFile; fileRef = 79502B5328622301004A5981 /* SettingsList.swift */; };
		795263FD2840E1D10084E58F /* ViewsExtension.swift in Sources */ = {isa = PBXBuildFile; fileRef = 795263FC2840E1D10084E58F /* ViewsExtension.swift */; };
		795264002840E47D0084E58F /* SpecialDishCell.swift in Sources */ = {isa = PBXBuildFile; fileRef = 795263FE2840E47D0084E58F /* SpecialDishCell.swift */; };
		795264012840E47D0084E58F /* SpecialDishCell.xib in Resources */ = {isa = PBXBuildFile; fileRef = 795263FF2840E47D0084E58F /* SpecialDishCell.xib */; };
		79526406284100580084E58F /* DishDetailViewController.swift in Sources */ = {isa = PBXBuildFile; fileRef = 79526405284100580084E58F /* DishDetailViewController.swift */; };
		7963999026C6D76F0056BD4B /* AppDelegate.swift in Sources */ = {isa = PBXBuildFile; fileRef = 7963998F26C6D76F0056BD4B /* AppDelegate.swift */; };
		7963999226C6D76F0056BD4B /* SceneDelegate.swift in Sources */ = {isa = PBXBuildFile; fileRef = 7963999126C6D76F0056BD4B /* SceneDelegate.swift */; };
		7963999726C6D76F0056BD4B /* Main.storyboard in Resources */ = {isa = PBXBuildFile; fileRef = 7963999526C6D76F0056BD4B /* Main.storyboard */; };
		7963999926C6D7710056BD4B /* Assets.xcassets in Resources */ = {isa = PBXBuildFile; fileRef = 7963999826C6D7710056BD4B /* Assets.xcassets */; };
		796DEC252859252C003E8085 /* categories.swift in Sources */ = {isa = PBXBuildFile; fileRef = 796DEC242859252C003E8085 /* categories.swift */; };
		797A89BE28D2C25B0060045B /* User.swift in Sources */ = {isa = PBXBuildFile; fileRef = 797A89BD28D2C25B0060045B /* User.swift */; };
		797A89C028D2C36B0060045B /* Users.swift in Sources */ = {isa = PBXBuildFile; fileRef = 797A89BF28D2C36B0060045B /* Users.swift */; };
		797F88C12870CA970097236F /* SettingsEditorViewController.swift in Sources */ = {isa = PBXBuildFile; fileRef = 797F88C02870CA970097236F /* SettingsEditorViewController.swift */; };
		7983B07C2860C49F00027340 /* SettingsTableViewCell.xib in Resources */ = {isa = PBXBuildFile; fileRef = 7983B07A2860C49F00027340 /* SettingsTableViewCell.xib */; };
		798F36EE2869C6E100800EFB /* OrdersListViewController.swift in Sources */ = {isa = PBXBuildFile; fileRef = 798F36ED2869C6E100800EFB /* OrdersListViewController.swift */; };
		798F36F22869C87C00800EFB /* OrderTableViewCell.swift in Sources */ = {isa = PBXBuildFile; fileRef = 798F36F02869C87C00800EFB /* OrderTableViewCell.swift */; };
		798F36F32869C87C00800EFB /* OrderTableViewCell.xib in Resources */ = {isa = PBXBuildFile; fileRef = 798F36F12869C87C00800EFB /* OrderTableViewCell.xib */; };
		798F36F52869D2F700800EFB /* Order.swift in Sources */ = {isa = PBXBuildFile; fileRef = 798F36F42869D2F700800EFB /* Order.swift */; };
		799B1CD3283FFD5500314981 /* DishCell.swift in Sources */ = {isa = PBXBuildFile; fileRef = 799B1CD1283FFD5500314981 /* DishCell.swift */; };
		799B1CD4283FFD5500314981 /* DishCell.xib in Resources */ = {isa = PBXBuildFile; fileRef = 799B1CD2283FFD5500314981 /* DishCell.xib */; };
		799B1CD6283FFF5600314981 /* Dish.swift in Sources */ = {isa = PBXBuildFile; fileRef = 799B1CD5283FFF5600314981 /* Dish.swift */; };
		799B5D1028EA01C1001A24B1 /* GoogleService-Info.plist in Resources */ = {isa = PBXBuildFile; fileRef = 799B5D0F28EA01C1001A24B1 /* GoogleService-Info.plist */; };
		799B5D1328EA2242001A24B1 /* funcs.swift in Sources */ = {isa = PBXBuildFile; fileRef = 799B5D1228EA2242001A24B1 /* funcs.swift */; };
		799F9F3C28412D2000414BB0 /* DishListTableCell.swift in Sources */ = {isa = PBXBuildFile; fileRef = 799F9F3A28412D2000414BB0 /* DishListTableCell.swift */; };
		799F9F3D28412D2000414BB0 /* DishListTableCell.xib in Resources */ = {isa = PBXBuildFile; fileRef = 799F9F3B28412D2000414BB0 /* DishListTableCell.xib */; };
		799F9F40284130E100414BB0 /* DishesListViewController.swift in Sources */ = {isa = PBXBuildFile; fileRef = 799F9F3F284130E100414BB0 /* DishesListViewController.swift */; };
		79AC2F4326C6EB3D00D88FB5 /* RegisterViewController.swift in Sources */ = {isa = PBXBuildFile; fileRef = 79AC2F4226C6EB3D00D88FB5 /* RegisterViewController.swift */; };
		79AC2F4526C6EB5B00D88FB5 /* LoginViewController.swift in Sources */ = {isa = PBXBuildFile; fileRef = 79AC2F4426C6EB5B00D88FB5 /* LoginViewController.swift */; };
		79B9362F28575044009373C8 /* ProfileViewController.swift in Sources */ = {isa = PBXBuildFile; fileRef = 79B9362E28575044009373C8 /* ProfileViewController.swift */; };
		79E2E80D283E4D7A00C08B48 /* InitialViewController.swift in Sources */ = {isa = PBXBuildFile; fileRef = 79E2E80C283E4D7A00C08B48 /* InitialViewController.swift */; };
		79E2E80F283E632100C08B48 /* HomeViewController.swift in Sources */ = {isa = PBXBuildFile; fileRef = 79E2E80E283E632100C08B48 /* HomeViewController.swift */; };
		79FC60B72870E9600094C448 /* Constants.swift in Sources */ = {isa = PBXBuildFile; fileRef = 79FC60B62870E9600094C448 /* Constants.swift */; };
		79FC60BA287230BE0094C448 /* WelcomeViewController.swift in Sources */ = {isa = PBXBuildFile; fileRef = 79FC60B9287230BE0094C448 /* WelcomeViewController.swift */; };
		79FC60BD287234EE0094C448 /* WelcomePage.swift in Sources */ = {isa = PBXBuildFile; fileRef = 79FC60BC287234EE0094C448 /* WelcomePage.swift */; };
		79FC60BF2872356E0094C448 /* welcomePages.swift in Sources */ = {isa = PBXBuildFile; fileRef = 79FC60BE2872356E0094C448 /* welcomePages.swift */; };
		79FC60C1287239840094C448 /* WelcomeCollectionViewCell.swift in Sources */ = {isa = PBXBuildFile; fileRef = 79FC60C0287239840094C448 /* WelcomeCollectionViewCell.swift */; };
		79FC60C328737D140094C448 /* UserDefaultsExtension.swift in Sources */ = {isa = PBXBuildFile; fileRef = 79FC60C228737D140094C448 /* UserDefaultsExtension.swift */; };
		79FC60C52874C9670094C448 /* PasswordResetViewController.swift in Sources */ = {isa = PBXBuildFile; fileRef = 79FC60C42874C9670094C448 /* PasswordResetViewController.swift */; };
		79FC60C8287503F00094C448 /* SettingsTableViewCell.swift in Sources */ = {isa = PBXBuildFile; fileRef = 79FC60C6287503F00094C448 /* SettingsTableViewCell.swift */; };
		79FC60CA2875053B0094C448 /* SlideSetting.swift in Sources */ = {isa = PBXBuildFile; fileRef = 79FC60C92875053B0094C448 /* SlideSetting.swift */; };
		79FC60D12875110F0094C448 /* SwitchSettingTableViewCell.swift in Sources */ = {isa = PBXBuildFile; fileRef = 79FC60CF2875110F0094C448 /* SwitchSettingTableViewCell.swift */; };
		79FC60D22875110F0094C448 /* SwitchSettingTableViewCell.xib in Resources */ = {isa = PBXBuildFile; fileRef = 79FC60D02875110F0094C448 /* SwitchSettingTableViewCell.xib */; };
		79FF156728873DDC00717193 /* OrderDetailViewController.swift in Sources */ = {isa = PBXBuildFile; fileRef = 79FF156628873DDC00717193 /* OrderDetailViewController.swift */; };
/* End PBXBuildFile section */

/* Begin PBXFileReference section */
		5EE7AF04BC82C43D5E569FCC /* Pods_Cafeteria_St_Paul.framework */ = {isa = PBXFileReference; explicitFileType = wrapper.framework; includeInIndex = 0; path = Pods_Cafeteria_St_Paul.framework; sourceTree = BUILT_PRODUCTS_DIR; };
		7917A5F4284A243C0094FCD3 /* LaunchScreen.storyboard */ = {isa = PBXFileReference; lastKnownFileType = file.storyboard; path = LaunchScreen.storyboard; sourceTree = "<group>"; };
		7917A5F7284A2EC00094FCD3 /* Haptics.swift */ = {isa = PBXFileReference; lastKnownFileType = sourcecode.swift; path = Haptics.swift; sourceTree = "<group>"; };
		793927DA283F91B5004E7D97 /* CategoryCollectionViewCell.swift */ = {isa = PBXFileReference; lastKnownFileType = sourcecode.swift; path = CategoryCollectionViewCell.swift; sourceTree = "<group>"; };
		793927DB283F91B5004E7D97 /* CategoryCollectionViewCell.xib */ = {isa = PBXFileReference; lastKnownFileType = file.xib; path = CategoryCollectionViewCell.xib; sourceTree = "<group>"; };
		793927DE283F930C004E7D97 /* DishCategory.swift */ = {isa = PBXFileReference; lastKnownFileType = sourcecode.swift; path = DishCategory.swift; sourceTree = "<group>"; };
		793927E1283FF054004E7D97 /* CardView.swift */ = {isa = PBXFileReference; lastKnownFileType = sourcecode.swift; path = CardView.swift; sourceTree = "<group>"; };
		793BC7D0284180F7009E3FF5 /* WebViewController.swift */ = {isa = PBXFileReference; lastKnownFileType = sourcecode.swift; path = WebViewController.swift; sourceTree = "<group>"; };
		7949337D284514DB0038910F /* UIVIews+Extension.swift */ = {isa = PBXFileReference; lastKnownFileType = sourcecode.swift; path = "UIVIews+Extension.swift"; sourceTree = "<group>"; };
		79502B5128622085004A5981 /* Setting.swift */ = {isa = PBXFileReference; lastKnownFileType = sourcecode.swift; path = Setting.swift; sourceTree = "<group>"; };
		79502B5328622301004A5981 /* SettingsList.swift */ = {isa = PBXFileReference; lastKnownFileType = sourcecode.swift; path = SettingsList.swift; sourceTree = "<group>"; };
		795263FC2840E1D10084E58F /* ViewsExtension.swift */ = {isa = PBXFileReference; lastKnownFileType = sourcecode.swift; path = ViewsExtension.swift; sourceTree = "<group>"; };
		795263FE2840E47D0084E58F /* SpecialDishCell.swift */ = {isa = PBXFileReference; lastKnownFileType = sourcecode.swift; path = SpecialDishCell.swift; sourceTree = "<group>"; };
		795263FF2840E47D0084E58F /* SpecialDishCell.xib */ = {isa = PBXFileReference; lastKnownFileType = file.xib; path = SpecialDishCell.xib; sourceTree = "<group>"; };
		79526405284100580084E58F /* DishDetailViewController.swift */ = {isa = PBXFileReference; lastKnownFileType = sourcecode.swift; path = DishDetailViewController.swift; sourceTree = "<group>"; };
		7963998C26C6D76F0056BD4B /* Cafeteria St Paul.app */ = {isa = PBXFileReference; explicitFileType = wrapper.application; includeInIndex = 0; path = "Cafeteria St Paul.app"; sourceTree = BUILT_PRODUCTS_DIR; };
		7963998F26C6D76F0056BD4B /* AppDelegate.swift */ = {isa = PBXFileReference; lastKnownFileType = sourcecode.swift; path = AppDelegate.swift; sourceTree = "<group>"; };
		7963999126C6D76F0056BD4B /* SceneDelegate.swift */ = {isa = PBXFileReference; lastKnownFileType = sourcecode.swift; path = SceneDelegate.swift; sourceTree = "<group>"; };
		7963999626C6D76F0056BD4B /* Base */ = {isa = PBXFileReference; lastKnownFileType = file.storyboard; name = Base; path = Base.lproj/Main.storyboard; sourceTree = "<group>"; };
		7963999826C6D7710056BD4B /* Assets.xcassets */ = {isa = PBXFileReference; lastKnownFileType = folder.assetcatalog; path = Assets.xcassets; sourceTree = "<group>"; };
		7963999D26C6D7710056BD4B /* Info.plist */ = {isa = PBXFileReference; lastKnownFileType = text.plist.xml; path = Info.plist; sourceTree = "<group>"; };
		796DEC242859252C003E8085 /* categories.swift */ = {isa = PBXFileReference; lastKnownFileType = sourcecode.swift; path = categories.swift; sourceTree = "<group>"; };
		797A89BD28D2C25B0060045B /* User.swift */ = {isa = PBXFileReference; lastKnownFileType = sourcecode.swift; path = User.swift; sourceTree = "<group>"; };
		797A89BF28D2C36B0060045B /* Users.swift */ = {isa = PBXFileReference; lastKnownFileType = sourcecode.swift; path = Users.swift; sourceTree = "<group>"; };
		797F88C02870CA970097236F /* SettingsEditorViewController.swift */ = {isa = PBXFileReference; lastKnownFileType = sourcecode.swift; path = SettingsEditorViewController.swift; sourceTree = "<group>"; };
		7983B07A2860C49F00027340 /* SettingsTableViewCell.xib */ = {isa = PBXFileReference; lastKnownFileType = file.xib; path = SettingsTableViewCell.xib; sourceTree = "<group>"; };
		798F36ED2869C6E100800EFB /* OrdersListViewController.swift */ = {isa = PBXFileReference; lastKnownFileType = sourcecode.swift; path = OrdersListViewController.swift; sourceTree = "<group>"; };
		798F36F02869C87C00800EFB /* OrderTableViewCell.swift */ = {isa = PBXFileReference; lastKnownFileType = sourcecode.swift; path = OrderTableViewCell.swift; sourceTree = "<group>"; };
		798F36F12869C87C00800EFB /* OrderTableViewCell.xib */ = {isa = PBXFileReference; lastKnownFileType = file.xib; path = OrderTableViewCell.xib; sourceTree = "<group>"; };
		798F36F42869D2F700800EFB /* Order.swift */ = {isa = PBXFileReference; lastKnownFileType = sourcecode.swift; path = Order.swift; sourceTree = "<group>"; };
		799B1CD1283FFD5500314981 /* DishCell.swift */ = {isa = PBXFileReference; lastKnownFileType = sourcecode.swift; path = DishCell.swift; sourceTree = "<group>"; };
		799B1CD2283FFD5500314981 /* DishCell.xib */ = {isa = PBXFileReference; lastKnownFileType = file.xib; path = DishCell.xib; sourceTree = "<group>"; };
		799B1CD5283FFF5600314981 /* Dish.swift */ = {isa = PBXFileReference; lastKnownFileType = sourcecode.swift; path = Dish.swift; sourceTree = "<group>"; };
		799B5D0C28E9FA52001A24B1 /* Cafeteria St Paul.entitlements */ = {isa = PBXFileReference; lastKnownFileType = text.plist.entitlements; path = "Cafeteria St Paul.entitlements"; sourceTree = "<group>"; };
		799B5D0F28EA01C1001A24B1 /* GoogleService-Info.plist */ = {isa = PBXFileReference; fileEncoding = 4; lastKnownFileType = text.plist.xml; path = "GoogleService-Info.plist"; sourceTree = "<group>"; };
		799B5D1228EA2242001A24B1 /* funcs.swift */ = {isa = PBXFileReference; lastKnownFileType = sourcecode.swift; path = funcs.swift; sourceTree = "<group>"; };
		799F9F3A28412D2000414BB0 /* DishListTableCell.swift */ = {isa = PBXFileReference; lastKnownFileType = sourcecode.swift; path = DishListTableCell.swift; sourceTree = "<group>"; };
		799F9F3B28412D2000414BB0 /* DishListTableCell.xib */ = {isa = PBXFileReference; lastKnownFileType = file.xib; path = DishListTableCell.xib; sourceTree = "<group>"; };
		799F9F3F284130E100414BB0 /* DishesListViewController.swift */ = {isa = PBXFileReference; lastKnownFileType = sourcecode.swift; path = DishesListViewController.swift; sourceTree = "<group>"; };
		79AC2F4226C6EB3D00D88FB5 /* RegisterViewController.swift */ = {isa = PBXFileReference; lastKnownFileType = sourcecode.swift; path = RegisterViewController.swift; sourceTree = "<group>"; };
		79AC2F4426C6EB5B00D88FB5 /* LoginViewController.swift */ = {isa = PBXFileReference; lastKnownFileType = sourcecode.swift; path = LoginViewController.swift; sourceTree = "<group>"; };
		79B9362E28575044009373C8 /* ProfileViewController.swift */ = {isa = PBXFileReference; lastKnownFileType = sourcecode.swift; path = ProfileViewController.swift; sourceTree = "<group>"; };
		79E2E80C283E4D7A00C08B48 /* InitialViewController.swift */ = {isa = PBXFileReference; lastKnownFileType = sourcecode.swift; path = InitialViewController.swift; sourceTree = "<group>"; };
		79E2E80E283E632100C08B48 /* HomeViewController.swift */ = {isa = PBXFileReference; lastKnownFileType = sourcecode.swift; path = HomeViewController.swift; sourceTree = "<group>"; };
		79FC60B62870E9600094C448 /* Constants.swift */ = {isa = PBXFileReference; lastKnownFileType = sourcecode.swift; path = Constants.swift; sourceTree = "<group>"; };
		79FC60B9287230BE0094C448 /* WelcomeViewController.swift */ = {isa = PBXFileReference; lastKnownFileType = sourcecode.swift; path = WelcomeViewController.swift; sourceTree = "<group>"; };
		79FC60BC287234EE0094C448 /* WelcomePage.swift */ = {isa = PBXFileReference; lastKnownFileType = sourcecode.swift; path = WelcomePage.swift; sourceTree = "<group>"; };
		79FC60BE2872356E0094C448 /* welcomePages.swift */ = {isa = PBXFileReference; lastKnownFileType = sourcecode.swift; path = welcomePages.swift; sourceTree = "<group>"; };
		79FC60C0287239840094C448 /* WelcomeCollectionViewCell.swift */ = {isa = PBXFileReference; lastKnownFileType = sourcecode.swift; path = WelcomeCollectionViewCell.swift; sourceTree = "<group>"; };
		79FC60C228737D140094C448 /* UserDefaultsExtension.swift */ = {isa = PBXFileReference; lastKnownFileType = sourcecode.swift; path = UserDefaultsExtension.swift; sourceTree = "<group>"; };
		79FC60C42874C9670094C448 /* PasswordResetViewController.swift */ = {isa = PBXFileReference; lastKnownFileType = sourcecode.swift; path = PasswordResetViewController.swift; sourceTree = "<group>"; };
		79FC60C6287503F00094C448 /* SettingsTableViewCell.swift */ = {isa = PBXFileReference; lastKnownFileType = sourcecode.swift; path = SettingsTableViewCell.swift; sourceTree = "<group>"; };
		79FC60C92875053B0094C448 /* SlideSetting.swift */ = {isa = PBXFileReference; lastKnownFileType = sourcecode.swift; path = SlideSetting.swift; sourceTree = "<group>"; };
		79FC60CF2875110F0094C448 /* SwitchSettingTableViewCell.swift */ = {isa = PBXFileReference; lastKnownFileType = sourcecode.swift; path = SwitchSettingTableViewCell.swift; sourceTree = "<group>"; };
		79FC60D02875110F0094C448 /* SwitchSettingTableViewCell.xib */ = {isa = PBXFileReference; lastKnownFileType = file.xib; path = SwitchSettingTableViewCell.xib; sourceTree = "<group>"; };
		79FF156628873DDC00717193 /* OrderDetailViewController.swift */ = {isa = PBXFileReference; lastKnownFileType = sourcecode.swift; path = OrderDetailViewController.swift; sourceTree = "<group>"; };
		863CAB8DCD7F67BA282BA918 /* Pods-Cafeteria St Paul.debug.xcconfig */ = {isa = PBXFileReference; includeInIndex = 1; lastKnownFileType = text.xcconfig; name = "Pods-Cafeteria St Paul.debug.xcconfig"; path = "Target Support Files/Pods-Cafeteria St Paul/Pods-Cafeteria St Paul.debug.xcconfig"; sourceTree = "<group>"; };
		B53EA8C61865DDD42D2F86B2 /* Pods-Cafeteria St Paul.release.xcconfig */ = {isa = PBXFileReference; includeInIndex = 1; lastKnownFileType = text.xcconfig; name = "Pods-Cafeteria St Paul.release.xcconfig"; path = "Target Support Files/Pods-Cafeteria St Paul/Pods-Cafeteria St Paul.release.xcconfig"; sourceTree = "<group>"; };
/* End PBXFileReference section */

/* Begin PBXFrameworksBuildPhase section */
		7963998926C6D76F0056BD4B /* Frameworks */ = {
			isa = PBXFrameworksBuildPhase;
			buildActionMask = 2147483647;
			files = (
				6D70BFF1DFC2D5ED327AAB11 /* Pods_Cafeteria_St_Paul.framework in Frameworks */,
			);
			runOnlyForDeploymentPostprocessing = 0;
		};
/* End PBXFrameworksBuildPhase section */

/* Begin PBXGroup section */
		7917A5F6284A2EB10094FCD3 /* Haptics */ = {
			isa = PBXGroup;
			children = (
				7917A5F7284A2EC00094FCD3 /* Haptics.swift */,
			);
			path = Haptics;
			sourceTree = "<group>";
		};
		793927D7283F9144004E7D97 /* CustomViews */ = {
			isa = PBXGroup;
			children = (
				799F9F3828412CCC00414BB0 /* TableViewCells */,
				793927E0283FF03E004E7D97 /* CardView */,
				793927D8283F9154004E7D97 /* CollectionViewCells */,
			);
			path = CustomViews;
			sourceTree = "<group>";
		};
		793927D8283F9154004E7D97 /* CollectionViewCells */ = {
			isa = PBXGroup;
			children = (
				793927E3283FFC97004E7D97 /* DishCells */,
				793927D9283F9166004E7D97 /* CategoryCollectionViewCell */,
				795264022840E48B0084E58F /* SpecialDishCell */,
				79FC60C0287239840094C448 /* WelcomeCollectionViewCell.swift */,
			);
			path = CollectionViewCells;
			sourceTree = "<group>";
		};
		793927D9283F9166004E7D97 /* CategoryCollectionViewCell */ = {
			isa = PBXGroup;
			children = (
				793927DA283F91B5004E7D97 /* CategoryCollectionViewCell.swift */,
				793927DB283F91B5004E7D97 /* CategoryCollectionViewCell.xib */,
			);
			path = CategoryCollectionViewCell;
			sourceTree = "<group>";
		};
		793927E0283FF03E004E7D97 /* CardView */ = {
			isa = PBXGroup;
			children = (
				793927E1283FF054004E7D97 /* CardView.swift */,
			);
			path = CardView;
			sourceTree = "<group>";
		};
		793927E3283FFC97004E7D97 /* DishCells */ = {
			isa = PBXGroup;
			children = (
				799B1CD1283FFD5500314981 /* DishCell.swift */,
				799B1CD2283FFD5500314981 /* DishCell.xib */,
			);
			path = DishCells;
			sourceTree = "<group>";
		};
		793BC7CF284180E0009E3FF5 /* WebView */ = {
			isa = PBXGroup;
			children = (
				793BC7D0284180F7009E3FF5 /* WebViewController.swift */,
			);
			path = WebView;
			sourceTree = "<group>";
		};
		795263FB2840E1B40084E58F /* Extensions */ = {
			isa = PBXGroup;
			children = (
				795263FC2840E1D10084E58F /* ViewsExtension.swift */,
				7949337D284514DB0038910F /* UIVIews+Extension.swift */,
				79FC60C228737D140094C448 /* UserDefaultsExtension.swift */,
			);
			path = Extensions;
			sourceTree = "<group>";
		};
		795264022840E48B0084E58F /* SpecialDishCell */ = {
			isa = PBXGroup;
			children = (
				795263FE2840E47D0084E58F /* SpecialDishCell.swift */,
				795263FF2840E47D0084E58F /* SpecialDishCell.xib */,
			);
			path = SpecialDishCell;
			sourceTree = "<group>";
		};
		7963998326C6D76F0056BD4B = {
			isa = PBXGroup;
			children = (
				7963998E26C6D76F0056BD4B /* Cafeteria St Paul */,
				C1B582C6ADF8564964DB1548 /* Frameworks */,
				C7445B03E47A12BA4E07E10C /* Pods */,
				7963998D26C6D76F0056BD4B /* Products */,
			);
			sourceTree = "<group>";
		};
		7963998D26C6D76F0056BD4B /* Products */ = {
			isa = PBXGroup;
			children = (
				7963998C26C6D76F0056BD4B /* Cafeteria St Paul.app */,
			);
			name = Products;
			sourceTree = "<group>";
		};
		7963998E26C6D76F0056BD4B /* Cafeteria St Paul */ = {
			isa = PBXGroup;
			children = (
				799B5D0C28E9FA52001A24B1 /* Cafeteria St Paul.entitlements */,
				7917A5F6284A2EB10094FCD3 /* Haptics */,
				795263FB2840E1B40084E58F /* Extensions */,
				793927D7283F9144004E7D97 /* CustomViews */,
				7963998F26C6D76F0056BD4B /* AppDelegate.swift */,
				7963999126C6D76F0056BD4B /* SceneDelegate.swift */,
				79AC2F4026C6DB9F00D88FB5 /* View */,
				79AC2F4126C6DBA500D88FB5 /* Controller */,
				79AC2F3F26C6DB9A00D88FB5 /* Model */,
				7963999826C6D7710056BD4B /* Assets.xcassets */,
				7963999D26C6D7710056BD4B /* Info.plist */,
				799B5D0F28EA01C1001A24B1 /* GoogleService-Info.plist */,
				79FC60B62870E9600094C448 /* Constants.swift */,
			);
			path = "Cafeteria St Paul";
			sourceTree = "<group>";
		};
		796DEC232859251C003E8085 /* Brain */ = {
			isa = PBXGroup;
			children = (
				796DEC242859252C003E8085 /* categories.swift */,
				79502B5328622301004A5981 /* SettingsList.swift */,
				79FC60BE2872356E0094C448 /* welcomePages.swift */,
				797A89BF28D2C36B0060045B /* Users.swift */,
			);
			path = Brain;
			sourceTree = "<group>";
		};
		7983B0782860C47900027340 /* SettingsTableViewCells */ = {
			isa = PBXGroup;
			children = (
				79FC60C6287503F00094C448 /* SettingsTableViewCell.swift */,
				7983B07A2860C49F00027340 /* SettingsTableViewCell.xib */,
				79FC60CF2875110F0094C448 /* SwitchSettingTableViewCell.swift */,
				79FC60D02875110F0094C448 /* SwitchSettingTableViewCell.xib */,
			);
			path = SettingsTableViewCells;
			sourceTree = "<group>";
		};
		798F36EF2869C85F00800EFB /* OrdersTableViewCells */ = {
			isa = PBXGroup;
			children = (
				798F36F02869C87C00800EFB /* OrderTableViewCell.swift */,
				798F36F12869C87C00800EFB /* OrderTableViewCell.xib */,
			);
			path = OrdersTableViewCells;
			sourceTree = "<group>";
		};
		799B5D1128EA222C001A24B1 /* Funcs4FB */ = {
			isa = PBXGroup;
			children = (
				799B5D1228EA2242001A24B1 /* funcs.swift */,
			);
			path = Funcs4FB;
			sourceTree = "<group>";
		};
		799F9F3828412CCC00414BB0 /* TableViewCells */ = {
			isa = PBXGroup;
			children = (
				798F36EF2869C85F00800EFB /* OrdersTableViewCells */,
				7983B0782860C47900027340 /* SettingsTableViewCells */,
				799F9F3928412CD600414BB0 /* DishListTableViewCells */,
			);
			path = TableViewCells;
			sourceTree = "<group>";
		};
		799F9F3928412CD600414BB0 /* DishListTableViewCells */ = {
			isa = PBXGroup;
			children = (
				799F9F3A28412D2000414BB0 /* DishListTableCell.swift */,
				799F9F3B28412D2000414BB0 /* DishListTableCell.xib */,
			);
			path = DishListTableViewCells;
			sourceTree = "<group>";
		};
		799F9F3E2841309A00414BB0 /* Authentication */ = {
			isa = PBXGroup;
			children = (
				79AC2F4226C6EB3D00D88FB5 /* RegisterViewController.swift */,
				79AC2F4426C6EB5B00D88FB5 /* LoginViewController.swift */,
				79FC60C42874C9670094C448 /* PasswordResetViewController.swift */,
			);
			path = Authentication;
			sourceTree = "<group>";
		};
		79AC2F3F26C6DB9A00D88FB5 /* Model */ = {
			isa = PBXGroup;
			children = (
				796DEC232859251C003E8085 /* Brain */,
				793927DE283F930C004E7D97 /* DishCategory.swift */,
				79FC60C92875053B0094C448 /* SlideSetting.swift */,
				799B1CD5283FFF5600314981 /* Dish.swift */,
				79502B5128622085004A5981 /* Setting.swift */,
				798F36F42869D2F700800EFB /* Order.swift */,
				79FC60BC287234EE0094C448 /* WelcomePage.swift */,
				797A89BD28D2C25B0060045B /* User.swift */,
			);
			path = Model;
			sourceTree = "<group>";
		};
		79AC2F4026C6DB9F00D88FB5 /* View */ = {
			isa = PBXGroup;
			children = (
				7963999526C6D76F0056BD4B /* Main.storyboard */,
				7917A5F4284A243C0094FCD3 /* LaunchScreen.storyboard */,
			);
			path = View;
			sourceTree = "<group>";
		};
		79AC2F4126C6DBA500D88FB5 /* Controller */ = {
			isa = PBXGroup;
			children = (
				799B5D1128EA222C001A24B1 /* Funcs4FB */,
				79FC60B8287230990094C448 /* Welcome */,
				799F9F3E2841309A00414BB0 /* Authentication */,
				79B9362D28575030009373C8 /* Profile Settings */,
				79B9362A28574FDE009373C8 /* Cafeteria */,
				793BC7CF284180E0009E3FF5 /* WebView */,
			);
			path = Controller;
			sourceTree = "<group>";
		};
		79B9362A28574FDE009373C8 /* Cafeteria */ = {
			isa = PBXGroup;
			children = (
				79E2E80C283E4D7A00C08B48 /* InitialViewController.swift */,
				79E2E80E283E632100C08B48 /* HomeViewController.swift */,
				79526405284100580084E58F /* DishDetailViewController.swift */,
				799F9F3F284130E100414BB0 /* DishesListViewController.swift */,
				798F36ED2869C6E100800EFB /* OrdersListViewController.swift */,
				79FF156628873DDC00717193 /* OrderDetailViewController.swift */,
			);
			path = Cafeteria;
			sourceTree = "<group>";
		};
		79B9362D28575030009373C8 /* Profile Settings */ = {
			isa = PBXGroup;
			children = (
				79B9362E28575044009373C8 /* ProfileViewController.swift */,
				797F88C02870CA970097236F /* SettingsEditorViewController.swift */,
			);
			path = "Profile Settings";
			sourceTree = "<group>";
		};
		79FC60B8287230990094C448 /* Welcome */ = {
			isa = PBXGroup;
			children = (
				79FC60B9287230BE0094C448 /* WelcomeViewController.swift */,
			);
			path = Welcome;
			sourceTree = "<group>";
		};
		C1B582C6ADF8564964DB1548 /* Frameworks */ = {
			isa = PBXGroup;
			children = (
				5EE7AF04BC82C43D5E569FCC /* Pods_Cafeteria_St_Paul.framework */,
			);
			name = Frameworks;
			sourceTree = "<group>";
		};
		C7445B03E47A12BA4E07E10C /* Pods */ = {
			isa = PBXGroup;
			children = (
				863CAB8DCD7F67BA282BA918 /* Pods-Cafeteria St Paul.debug.xcconfig */,
				B53EA8C61865DDD42D2F86B2 /* Pods-Cafeteria St Paul.release.xcconfig */,
			);
			path = Pods;
			sourceTree = "<group>";
		};
/* End PBXGroup section */

/* Begin PBXNativeTarget section */
		7963998B26C6D76F0056BD4B /* Cafeteria St Paul */ = {
			isa = PBXNativeTarget;
			buildConfigurationList = 796399A026C6D7710056BD4B /* Build configuration list for PBXNativeTarget "Cafeteria St Paul" */;
			buildPhases = (
				A7837DEDDBB17D698CF28DEC /* [CP] Check Pods Manifest.lock */,
				7963998826C6D76F0056BD4B /* Sources */,
				7963998926C6D76F0056BD4B /* Frameworks */,
				7963998A26C6D76F0056BD4B /* Resources */,
				23469330E3199241B6EBAE65 /* [CP] Embed Pods Frameworks */,
				79FC60D3287601810094C448 /* ShellScript */,
			);
			buildRules = (
			);
			dependencies = (
			);
			name = "Cafeteria St Paul";
			productName = "Cafeteria St Paul";
			productReference = 7963998C26C6D76F0056BD4B /* Cafeteria St Paul.app */;
			productType = "com.apple.product-type.application";
		};
/* End PBXNativeTarget section */

/* Begin PBXProject section */
		7963998426C6D76F0056BD4B /* Project object */ = {
			isa = PBXProject;
			attributes = {
				LastSwiftUpdateCheck = 1250;
				LastUpgradeCheck = 1250;
				TargetAttributes = {
					7963998B26C6D76F0056BD4B = {
						CreatedOnToolsVersion = 12.5.1;
					};
				};
			};
			buildConfigurationList = 7963998726C6D76F0056BD4B /* Build configuration list for PBXProject "Cafeteria St Paul" */;
			compatibilityVersion = "Xcode 9.3";
			developmentRegion = en;
			hasScannedForEncodings = 0;
			knownRegions = (
				en,
				Base,
			);
			mainGroup = 7963998326C6D76F0056BD4B;
			productRefGroup = 7963998D26C6D76F0056BD4B /* Products */;
			projectDirPath = "";
			projectRoot = "";
			targets = (
				7963998B26C6D76F0056BD4B /* Cafeteria St Paul */,
			);
		};
/* End PBXProject section */

/* Begin PBXResourcesBuildPhase section */
		7963998A26C6D76F0056BD4B /* Resources */ = {
			isa = PBXResourcesBuildPhase;
			buildActionMask = 2147483647;
			files = (
				793927DD283F91B5004E7D97 /* CategoryCollectionViewCell.xib in Resources */,
				7917A5F5284A243C0094FCD3 /* LaunchScreen.storyboard in Resources */,
				799F9F3D28412D2000414BB0 /* DishListTableCell.xib in Resources */,
				7983B07C2860C49F00027340 /* SettingsTableViewCell.xib in Resources */,
				79FC60D22875110F0094C448 /* SwitchSettingTableViewCell.xib in Resources */,
				795264012840E47D0084E58F /* SpecialDishCell.xib in Resources */,
				798F36F32869C87C00800EFB /* OrderTableViewCell.xib in Resources */,
				799B1CD4283FFD5500314981 /* DishCell.xib in Resources */,
				799B5D1028EA01C1001A24B1 /* GoogleService-Info.plist in Resources */,
				7963999926C6D7710056BD4B /* Assets.xcassets in Resources */,
				7963999726C6D76F0056BD4B /* Main.storyboard in Resources */,
			);
			runOnlyForDeploymentPostprocessing = 0;
		};
/* End PBXResourcesBuildPhase section */

/* Begin PBXShellScriptBuildPhase section */
		23469330E3199241B6EBAE65 /* [CP] Embed Pods Frameworks */ = {
			isa = PBXShellScriptBuildPhase;
			buildActionMask = 2147483647;
			files = (
			);
			inputFileListPaths = (
				"${PODS_ROOT}/Target Support Files/Pods-Cafeteria St Paul/Pods-Cafeteria St Paul-frameworks-${CONFIGURATION}-input-files.xcfilelist",
			);
			name = "[CP] Embed Pods Frameworks";
			outputFileListPaths = (
				"${PODS_ROOT}/Target Support Files/Pods-Cafeteria St Paul/Pods-Cafeteria St Paul-frameworks-${CONFIGURATION}-output-files.xcfilelist",
			);
			runOnlyForDeploymentPostprocessing = 0;
			shellPath = /bin/sh;
			shellScript = "\"${PODS_ROOT}/Target Support Files/Pods-Cafeteria St Paul/Pods-Cafeteria St Paul-frameworks.sh\"\n";
			showEnvVarsInLog = 0;
		};
		79FC60D3287601810094C448 /* ShellScript */ = {
			isa = PBXShellScriptBuildPhase;
			buildActionMask = 2147483647;
			files = (
			);
			inputFileListPaths = (
			);
			inputPaths = (
				"${DWARF_DSYM_FOLDER_PATH}/${DWARF_DSYM_FILE_NAME}/Contents/Resources/DWARF/${TARGET",
				"$(SRCROOT)/$(BUILT_PRODUCTS_DIR)/$(INFOPLIST_PATH)",
			);
			outputFileListPaths = (
			);
			outputPaths = (
			);
			runOnlyForDeploymentPostprocessing = 0;
			shellPath = /bin/sh;
			shellScript = "#\"${PODS_ROOT}/FirebaseCrashlytics/run\"\n";
		};
		A7837DEDDBB17D698CF28DEC /* [CP] Check Pods Manifest.lock */ = {
			isa = PBXShellScriptBuildPhase;
			buildActionMask = 2147483647;
			files = (
			);
			inputFileListPaths = (
			);
			inputPaths = (
				"${PODS_PODFILE_DIR_PATH}/Podfile.lock",
				"${PODS_ROOT}/Manifest.lock",
			);
			name = "[CP] Check Pods Manifest.lock";
			outputFileListPaths = (
			);
			outputPaths = (
				"$(DERIVED_FILE_DIR)/Pods-Cafeteria St Paul-checkManifestLockResult.txt",
			);
			runOnlyForDeploymentPostprocessing = 0;
			shellPath = /bin/sh;
			shellScript = "diff \"${PODS_PODFILE_DIR_PATH}/Podfile.lock\" \"${PODS_ROOT}/Manifest.lock\" > /dev/null\nif [ $? != 0 ] ; then\n    # print error to STDERR\n    echo \"error: The sandbox is not in sync with the Podfile.lock. Run 'pod install' or update your CocoaPods installation.\" >&2\n    exit 1\nfi\n# This output is used by Xcode 'outputs' to avoid re-running this script phase.\necho \"SUCCESS\" > \"${SCRIPT_OUTPUT_FILE_0}\"\n";
			showEnvVarsInLog = 0;
		};
/* End PBXShellScriptBuildPhase section */

/* Begin PBXSourcesBuildPhase section */
		7963998826C6D76F0056BD4B /* Sources */ = {
			isa = PBXSourcesBuildPhase;
			buildActionMask = 2147483647;
			files = (
				79E2E80D283E4D7A00C08B48 /* InitialViewController.swift in Sources */,
				79FC60C1287239840094C448 /* WelcomeCollectionViewCell.swift in Sources */,
				793927E2283FF055004E7D97 /* CardView.swift in Sources */,
				79FC60C8287503F00094C448 /* SettingsTableViewCell.swift in Sources */,
				79B9362F28575044009373C8 /* ProfileViewController.swift in Sources */,
				79FC60C328737D140094C448 /* UserDefaultsExtension.swift in Sources */,
				795263FD2840E1D10084E58F /* ViewsExtension.swift in Sources */,
				7963999026C6D76F0056BD4B /* AppDelegate.swift in Sources */,
				798F36EE2869C6E100800EFB /* OrdersListViewController.swift in Sources */,
				79FC60B72870E9600094C448 /* Constants.swift in Sources */,
				798F36F52869D2F700800EFB /* Order.swift in Sources */,
				7949337E284514DB0038910F /* UIVIews+Extension.swift in Sources */,
				799F9F40284130E100414BB0 /* DishesListViewController.swift in Sources */,
				7963999226C6D76F0056BD4B /* SceneDelegate.swift in Sources */,
				797A89C028D2C36B0060045B /* Users.swift in Sources */,
				799B1CD6283FFF5600314981 /* Dish.swift in Sources */,
				79526406284100580084E58F /* DishDetailViewController.swift in Sources */,
				793927DF283F930C004E7D97 /* DishCategory.swift in Sources */,
				79AC2F4526C6EB5B00D88FB5 /* LoginViewController.swift in Sources */,
				79502B5428622301004A5981 /* SettingsList.swift in Sources */,
				79FC60D12875110F0094C448 /* SwitchSettingTableViewCell.swift in Sources */,
				79FC60CA2875053B0094C448 /* SlideSetting.swift in Sources */,
				796DEC252859252C003E8085 /* categories.swift in Sources */,
				79AC2F4326C6EB3D00D88FB5 /* RegisterViewController.swift in Sources */,
				79502B5228622085004A5981 /* Setting.swift in Sources */,
				79FC60BF2872356E0094C448 /* welcomePages.swift in Sources */,
				799B1CD3283FFD5500314981 /* DishCell.swift in Sources */,
				793BC7D1284180F7009E3FF5 /* WebViewController.swift in Sources */,
				797A89BE28D2C25B0060045B /* User.swift in Sources */,
				79FC60BD287234EE0094C448 /* WelcomePage.swift in Sources */,
				793927DC283F91B5004E7D97 /* CategoryCollectionViewCell.swift in Sources */,
				79FC60BA287230BE0094C448 /* WelcomeViewController.swift in Sources */,
				795264002840E47D0084E58F /* SpecialDishCell.swift in Sources */,
				797F88C12870CA970097236F /* SettingsEditorViewController.swift in Sources */,
				7917A5F8284A2EC00094FCD3 /* Haptics.swift in Sources */,
				79E2E80F283E632100C08B48 /* HomeViewController.swift in Sources */,
				79FC60C52874C9670094C448 /* PasswordResetViewController.swift in Sources */,
				798F36F22869C87C00800EFB /* OrderTableViewCell.swift in Sources */,
				799B5D1328EA2242001A24B1 /* funcs.swift in Sources */,
				799F9F3C28412D2000414BB0 /* DishListTableCell.swift in Sources */,
				79FF156728873DDC00717193 /* OrderDetailViewController.swift in Sources */,
			);
			runOnlyForDeploymentPostprocessing = 0;
		};
/* End PBXSourcesBuildPhase section */

/* Begin PBXVariantGroup section */
		7963999526C6D76F0056BD4B /* Main.storyboard */ = {
			isa = PBXVariantGroup;
			children = (
				7963999626C6D76F0056BD4B /* Base */,
			);
			name = Main.storyboard;
			sourceTree = "<group>";
		};
/* End PBXVariantGroup section */

/* Begin XCBuildConfiguration section */
		7963999E26C6D7710056BD4B /* Debug */ = {
			isa = XCBuildConfiguration;
			buildSettings = {
				ALWAYS_SEARCH_USER_PATHS = NO;
				CLANG_ANALYZER_NONNULL = YES;
				CLANG_ANALYZER_NUMBER_OBJECT_CONVERSION = YES_AGGRESSIVE;
				CLANG_CXX_LANGUAGE_STANDARD = "gnu++14";
				CLANG_CXX_LIBRARY = "libc++";
				CLANG_ENABLE_MODULES = YES;
				CLANG_ENABLE_OBJC_ARC = YES;
				CLANG_ENABLE_OBJC_WEAK = YES;
				CLANG_WARN_BLOCK_CAPTURE_AUTORELEASING = YES;
				CLANG_WARN_BOOL_CONVERSION = YES;
				CLANG_WARN_COMMA = YES;
				CLANG_WARN_CONSTANT_CONVERSION = YES;
				CLANG_WARN_DEPRECATED_OBJC_IMPLEMENTATIONS = YES;
				CLANG_WARN_DIRECT_OBJC_ISA_USAGE = YES_ERROR;
				CLANG_WARN_DOCUMENTATION_COMMENTS = YES;
				CLANG_WARN_EMPTY_BODY = YES;
				CLANG_WARN_ENUM_CONVERSION = YES;
				CLANG_WARN_INFINITE_RECURSION = YES;
				CLANG_WARN_INT_CONVERSION = YES;
				CLANG_WARN_NON_LITERAL_NULL_CONVERSION = YES;
				CLANG_WARN_OBJC_IMPLICIT_RETAIN_SELF = YES;
				CLANG_WARN_OBJC_LITERAL_CONVERSION = YES;
				CLANG_WARN_OBJC_ROOT_CLASS = YES_ERROR;
				CLANG_WARN_QUOTED_INCLUDE_IN_FRAMEWORK_HEADER = YES;
				CLANG_WARN_RANGE_LOOP_ANALYSIS = YES;
				CLANG_WARN_STRICT_PROTOTYPES = YES;
				CLANG_WARN_SUSPICIOUS_MOVE = YES;
				CLANG_WARN_UNGUARDED_AVAILABILITY = YES_AGGRESSIVE;
				CLANG_WARN_UNREACHABLE_CODE = YES;
				CLANG_WARN__DUPLICATE_METHOD_MATCH = YES;
				COPY_PHASE_STRIP = NO;
				DEBUG_INFORMATION_FORMAT = "dwarf-with-dsym";
				ENABLE_STRICT_OBJC_MSGSEND = YES;
				ENABLE_TESTABILITY = YES;
				GCC_C_LANGUAGE_STANDARD = gnu11;
				GCC_DYNAMIC_NO_PIC = NO;
				GCC_NO_COMMON_BLOCKS = YES;
				GCC_OPTIMIZATION_LEVEL = 0;
				GCC_PREPROCESSOR_DEFINITIONS = (
					"DEBUG=1",
					"$(inherited)",
				);
				GCC_WARN_64_TO_32_BIT_CONVERSION = YES;
				GCC_WARN_ABOUT_RETURN_TYPE = YES_ERROR;
				GCC_WARN_UNDECLARED_SELECTOR = YES;
				GCC_WARN_UNINITIALIZED_AUTOS = YES_AGGRESSIVE;
				GCC_WARN_UNUSED_FUNCTION = YES;
				GCC_WARN_UNUSED_VARIABLE = YES;
				IPHONEOS_DEPLOYMENT_TARGET = 13.0;
				MTL_ENABLE_DEBUG_INFO = INCLUDE_SOURCE;
				MTL_FAST_MATH = YES;
				ONLY_ACTIVE_ARCH = YES;
				SDKROOT = iphoneos;
				SWIFT_ACTIVE_COMPILATION_CONDITIONS = DEBUG;
				SWIFT_OPTIMIZATION_LEVEL = "-Onone";
			};
			name = Debug;
		};
		7963999F26C6D7710056BD4B /* Release */ = {
			isa = XCBuildConfiguration;
			buildSettings = {
				ALWAYS_SEARCH_USER_PATHS = NO;
				CLANG_ANALYZER_NONNULL = YES;
				CLANG_ANALYZER_NUMBER_OBJECT_CONVERSION = YES_AGGRESSIVE;
				CLANG_CXX_LANGUAGE_STANDARD = "gnu++14";
				CLANG_CXX_LIBRARY = "libc++";
				CLANG_ENABLE_MODULES = YES;
				CLANG_ENABLE_OBJC_ARC = YES;
				CLANG_ENABLE_OBJC_WEAK = YES;
				CLANG_WARN_BLOCK_CAPTURE_AUTORELEASING = YES;
				CLANG_WARN_BOOL_CONVERSION = YES;
				CLANG_WARN_COMMA = YES;
				CLANG_WARN_CONSTANT_CONVERSION = YES;
				CLANG_WARN_DEPRECATED_OBJC_IMPLEMENTATIONS = YES;
				CLANG_WARN_DIRECT_OBJC_ISA_USAGE = YES_ERROR;
				CLANG_WARN_DOCUMENTATION_COMMENTS = YES;
				CLANG_WARN_EMPTY_BODY = YES;
				CLANG_WARN_ENUM_CONVERSION = YES;
				CLANG_WARN_INFINITE_RECURSION = YES;
				CLANG_WARN_INT_CONVERSION = YES;
				CLANG_WARN_NON_LITERAL_NULL_CONVERSION = YES;
				CLANG_WARN_OBJC_IMPLICIT_RETAIN_SELF = YES;
				CLANG_WARN_OBJC_LITERAL_CONVERSION = YES;
				CLANG_WARN_OBJC_ROOT_CLASS = YES_ERROR;
				CLANG_WARN_QUOTED_INCLUDE_IN_FRAMEWORK_HEADER = YES;
				CLANG_WARN_RANGE_LOOP_ANALYSIS = YES;
				CLANG_WARN_STRICT_PROTOTYPES = YES;
				CLANG_WARN_SUSPICIOUS_MOVE = YES;
				CLANG_WARN_UNGUARDED_AVAILABILITY = YES_AGGRESSIVE;
				CLANG_WARN_UNREACHABLE_CODE = YES;
				CLANG_WARN__DUPLICATE_METHOD_MATCH = YES;
				COPY_PHASE_STRIP = NO;
				DEBUG_INFORMATION_FORMAT = "dwarf-with-dsym";
				ENABLE_NS_ASSERTIONS = NO;
				ENABLE_STRICT_OBJC_MSGSEND = YES;
				GCC_C_LANGUAGE_STANDARD = gnu11;
				GCC_NO_COMMON_BLOCKS = YES;
				GCC_WARN_64_TO_32_BIT_CONVERSION = YES;
				GCC_WARN_ABOUT_RETURN_TYPE = YES_ERROR;
				GCC_WARN_UNDECLARED_SELECTOR = YES;
				GCC_WARN_UNINITIALIZED_AUTOS = YES_AGGRESSIVE;
				GCC_WARN_UNUSED_FUNCTION = YES;
				GCC_WARN_UNUSED_VARIABLE = YES;
				IPHONEOS_DEPLOYMENT_TARGET = 13.0;
				MTL_ENABLE_DEBUG_INFO = NO;
				MTL_FAST_MATH = YES;
				SDKROOT = iphoneos;
				SWIFT_COMPILATION_MODE = wholemodule;
				SWIFT_OPTIMIZATION_LEVEL = "-O";
				VALIDATE_PRODUCT = YES;
			};
			name = Release;
		};
		796399A126C6D7710056BD4B /* Debug */ = {
			isa = XCBuildConfiguration;
			baseConfigurationReference = 863CAB8DCD7F67BA282BA918 /* Pods-Cafeteria St Paul.debug.xcconfig */;
			buildSettings = {
				ASSETCATALOG_COMPILER_APPICON_NAME = AppIcon;
				ASSETCATALOG_COMPILER_GLOBAL_ACCENT_COLOR_NAME = AccentColor;
				CODE_SIGN_ENTITLEMENTS = "Cafeteria St Paul/Cafeteria St Paul.entitlements";
				CODE_SIGN_IDENTITY = "Apple Development";
				"CODE_SIGN_IDENTITY[sdk=macosx*]" = "Apple Development";
				CODE_SIGN_STYLE = Automatic;
				DEBUG_INFORMATION_FORMAT = dwarf;
				DEVELOPMENT_TEAM = 2V636U3DWT;
				ENABLE_APP_SANDBOX = NO;
				INFOPLIST_FILE = "Cafeteria St Paul/Info.plist";
				LD_RUNPATH_SEARCH_PATHS = (
					"$(inherited)",
					"@executable_path/Frameworks",
				);
				MARKETING_VERSION = 1.2;
				OTHER_SWIFT_FLAGS = "$(inherited) -D COCOAPODS -Xfrontend -enable-experimental-concurrency";
				PRODUCT_BUNDLE_IDENTIFIER = "com.Ian-Rowe.Cafeteria-St-PaulMacOs";
				PRODUCT_NAME = "$(TARGET_NAME)";
				PROVISIONING_PROFILE_SPECIFIER = "";
				SUPPORTS_MACCATALYST = YES;
				SUPPORTS_MAC_DESIGNED_FOR_IPHONE_IPAD = NO;
				SWIFT_VERSION = 5.0;
				TARGETED_DEVICE_FAMILY = "1,2";
			};
			name = Debug;
		};
		796399A226C6D7710056BD4B /* Release */ = {
			isa = XCBuildConfiguration;
			baseConfigurationReference = B53EA8C61865DDD42D2F86B2 /* Pods-Cafeteria St Paul.release.xcconfig */;
			buildSettings = {
				ASSETCATALOG_COMPILER_APPICON_NAME = AppIcon;
				ASSETCATALOG_COMPILER_GLOBAL_ACCENT_COLOR_NAME = AccentColor;
				CODE_SIGN_ENTITLEMENTS = "Cafeteria St Paul/Cafeteria St Paul.entitlements";
				CODE_SIGN_IDENTITY = "Apple Development";
				"CODE_SIGN_IDENTITY[sdk=macosx*]" = "Apple Development";
				CODE_SIGN_STYLE = Automatic;
				DEBUG_INFORMATION_FORMAT = dwarf;
				DEVELOPMENT_TEAM = 2V636U3DWT;
				ENABLE_APP_SANDBOX = NO;
				INFOPLIST_FILE = "Cafeteria St Paul/Info.plist";
				LD_RUNPATH_SEARCH_PATHS = (
					"$(inherited)",
					"@executable_path/Frameworks",
				);
				MARKETING_VERSION = 1.2;
				OTHER_SWIFT_FLAGS = "$(inherited) -D COCOAPODS -Xfrontend -enable-experimental-concurrency";
				PRODUCT_BUNDLE_IDENTIFIER = "com.Ian-Rowe.Cafeteria-St-PaulMacOs";
				PRODUCT_NAME = "$(TARGET_NAME)";
				PROVISIONING_PROFILE_SPECIFIER = "";
				SUPPORTS_MACCATALYST = YES;
				SUPPORTS_MAC_DESIGNED_FOR_IPHONE_IPAD = NO;
				SWIFT_VERSION = 5.0;
				TARGETED_DEVICE_FAMILY = "1,2";
			};
			name = Release;
		};
/* End XCBuildConfiguration section */

/* Begin XCConfigurationList section */
		7963998726C6D76F0056BD4B /* Build configuration list for PBXProject "Cafeteria St Paul" */ = {
			isa = XCConfigurationList;
			buildConfigurations = (
				7963999E26C6D7710056BD4B /* Debug */,
				7963999F26C6D7710056BD4B /* Release */,
			);
			defaultConfigurationIsVisible = 0;
			defaultConfigurationName = Release;
		};
		796399A026C6D7710056BD4B /* Build configuration list for PBXNativeTarget "Cafeteria St Paul" */ = {
			isa = XCConfigurationList;
			buildConfigurations = (
				796399A126C6D7710056BD4B /* Debug */,
				796399A226C6D7710056BD4B /* Release */,
			);
			defaultConfigurationIsVisible = 0;
			defaultConfigurationName = Release;
		};
/* End XCConfigurationList section */
	};
	rootObject = 7963998426C6D76F0056BD4B /* Project object */;
}
